<Solution>
  <Folder Name="/lessons/">
    <Project Path="lessons/Lesson01.Lights/Lesson01.Lights.csproj" />
    <Project Path="lessons/Lesson02.TrafficLight/Lesson02.TrafficLight.csproj" />
    <Project Path="lessons/Lesson03.Motors/Lesson03.Motors.csproj" />
    <Project Path="lessons/Lesson04.Square/Lesson04.Square.csproj" />
    <Project Path="lessons/Lesson05.Buttons/Lesson05.Buttons.csproj" />
    <Project Path="lessons/Lesson06.Distance/Lesson06.Distance.csproj" />
    <Project Path="lessons/Lesson09.Autonomous/Lesson09.Autonomous.csproj" />
    <Project Path="lessons/Lesson11.Odometry/Lesson11.Odometry.csproj" />
  </Folder>
  <Folder Name="/src/">
    <Project Path="src/ExplorerHat.BasicSample/ExplorerHat.BasicSample.csproj" />
    <Project Path="src/ExplorerHat.Common/ExplorerHat.Common.csproj" />
    <Project Path="src/ExplorerHat.ObstacleAvoidance/ExplorerHat.ObstacleAvoidance.csproj" />
    <Project Path="src/ExplorerHat.SonarDashboard/ExplorerHat.SonarDashboard.csproj" />
    <Project Path="src/ExplorerHat.UpsDashboard/ExplorerHat.UpsDashboard.csproj" />
  </Folder>
</Solution>
