
Microsoft Visual Studio Solution File, Format Version 12.00
# Visual Studio Version 16
VisualStudioVersion = 16.0.29215.179
MinimumVisualStudioVersion = 10.0.40219.1
Project("{9A19103F-16F7-4668-BE54-9A1E7A4F7556}") = "ExplorerHat", "src\ExplorerHat.csproj", "{CF8B9159-7C8C-437B-88E0-D4C4B7CDDF25}"
EndProject
Project("{2150E333-8FDC-42A3-9474-1A3956D46DE8}") = "sample", "sample", "{A8A979C4-D20B-472B-9064-356196DA9EA3}"
EndProject
Project("{FAE04EC0-301F-11D3-BF4B-00C04F79EFBC}") = "ExplorerHat.LightingSample", "samples\ExplorerHat.LightingSample\ExplorerHat.LightingSample.csproj", "{5B9D61BC-7F6C-4435-BB1C-5C385398DAAE}"
EndProject
Global
	GlobalSection(SolutionConfigurationPlatforms) = preSolution
		Debug|Any CPU = Debug|Any CPU
		Release|Any CPU = Release|Any CPU
	EndGlobalSection
	GlobalSection(ProjectConfigurationPlatforms) = postSolution
		{CF8B9159-7C8C-437B-88E0-D4C4B7CDDF25}.Debug|Any CPU.ActiveCfg = Debug|Any CPU
		{CF8B9159-7C8C-437B-88E0-D4C4B7CDDF25}.Debug|Any CPU.Build.0 = Debug|Any CPU
		{CF8B9159-7C8C-437B-88E0-D4C4B7CDDF25}.Release|Any CPU.ActiveCfg = Release|Any CPU
		{CF8B9159-7C8C-437B-88E0-D4C4B7CDDF25}.Release|Any CPU.Build.0 = Release|Any CPU
		{5B9D61BC-7F6C-4435-BB1C-5C385398DAAE}.Debug|Any CPU.ActiveCfg = Debug|Any CPU
		{5B9D61BC-7F6C-4435-BB1C-5C385398DAAE}.Debug|Any CPU.Build.0 = Debug|Any CPU
		{5B9D61BC-7F6C-4435-BB1C-5C385398DAAE}.Release|Any CPU.ActiveCfg = Release|Any CPU
		{5B9D61BC-7F6C-4435-BB1C-5C385398DAAE}.Release|Any CPU.Build.0 = Release|Any CPU
	EndGlobalSection
	GlobalSection(SolutionProperties) = preSolution
		HideSolutionNode = FALSE
	EndGlobalSection
	GlobalSection(NestedProjects) = preSolution
		{5B9D61BC-7F6C-4435-BB1C-5C385398DAAE} = {A8A979C4-D20B-472B-9064-356196DA9EA3}
	EndGlobalSection
	GlobalSection(ExtensibilityGlobals) = postSolution
		SolutionGuid = {F4EB6617-7833-4CF0-9582-E6253CD963E9}
	EndGlobalSection
EndGlobal
